
Microsoft Visual Studio Solution File, Format Version 12.00
# Visual Studio Version 17
VisualStudioVersion = 17.0.31903.59
MinimumVisualStudioVersion = 10.0.40219.1
Project("{FAE04EC0-301F-11D3-BF4B-00C04F79EFBC}") = "ColorSpheres", "ColorSpheres\ColorSpheres.csproj", "{CCF6F59D-6CEF-4105-80ED-C66721A04F3B}"
EndProject
Project("{FAE04EC0-301F-11D3-BF4B-00C04F79EFBC}") = "BetterColorSpheres", "BetterColorSpheres\BetterColorSpheres.csproj", "{79C28A80-040A-4C9A-B9B7-464A0B3386F5}"
EndProject
Global
	GlobalSection(SolutionConfigurationPlatforms) = preSolution
		Debug|Any CPU = Debug|Any CPU
		Release|Any CPU = Release|Any CPU
	EndGlobalSection
	GlobalSection(SolutionProperties) = preSolution
		HideSolutionNode = FALSE
	EndGlobalSection
	GlobalSection(ProjectConfigurationPlatforms) = postSolution
		{CCF6F59D-6CEF-4105-80ED-C66721A04F3B}.Debug|Any CPU.ActiveCfg = Debug|Any CPU
		{CCF6F59D-6CEF-4105-80ED-C66721A04F3B}.Debug|Any CPU.Build.0 = Debug|Any CPU
		{CCF6F59D-6CEF-4105-80ED-C66721A04F3B}.Release|Any CPU.ActiveCfg = Release|Any CPU
		{CCF6F59D-6CEF-4105-80ED-C66721A04F3B}.Release|Any CPU.Build.0 = Release|Any CPU
		{79C28A80-040A-4C9A-B9B7-464A0B3386F5}.Debug|Any CPU.ActiveCfg = Debug|Any CPU
		{79C28A80-040A-4C9A-B9B7-464A0B3386F5}.Debug|Any CPU.Build.0 = Debug|Any CPU
		{79C28A80-040A-4C9A-B9B7-464A0B3386F5}.Release|Any CPU.ActiveCfg = Release|Any CPU
		{79C28A80-040A-4C9A-B9B7-464A0B3386F5}.Release|Any CPU.Build.0 = Release|Any CPU
	EndGlobalSection
EndGlobal
